
Microsoft Visual Studio Solution File, Format Version 12.00
# Visual Studio Version 17
VisualStudioVersion = 17.5.33627.172
MinimumVisualStudioVersion = 10.0.40219.1
Project("{FAE04EC0-301F-11D3-BF4B-00C04F79EFBC}") = "a6", "a6\a6.csproj", "{B2140090-8F0D-4278-9ADD-920D9013B653}"
EndProject
Global
	GlobalSection(SolutionConfigurationPlatforms) = preSolution
		Debug|Any CPU = Debug|Any CPU
		Release|Any CPU = Release|Any CPU
	EndGlobalSection
	GlobalSection(ProjectConfigurationPlatforms) = postSolution
		{B2140090-8F0D-4278-9ADD-920D9013B653}.Debug|Any CPU.ActiveCfg = Debug|Any CPU
		{B2140090-8F0D-4278-9ADD-920D9013B653}.Debug|Any CPU.Build.0 = Debug|Any CPU
		{B2140090-8F0D-4278-9ADD-920D9013B653}.Release|Any CPU.ActiveCfg = Release|Any CPU
		{B2140090-8F0D-4278-9ADD-920D9013B653}.Release|Any CPU.Build.0 = Release|Any CPU
	EndGlobalSection
	GlobalSection(SolutionProperties) = preSolution
		HideSolutionNode = FALSE
	EndGlobalSection
	GlobalSection(ExtensibilityGlobals) = postSolution
		SolutionGuid = {10ED172A-A345-4189-80B8-01F05C389276}
	EndGlobalSection
EndGlobal
